# Prisma Migrate lockfile v1

20200903140921-reset
20200903141831-reset-2
20200911163624-liked-workout
20200911163746-liked-workout-2
20200911172620-liked-workout-workout-required
20200916091440-scheduled-workout-and-workout-location
20200916092305-remove-user-gymbox
20200916112611-workout-location-to-gym-profile
20200916134623-gym-profile-to-log-and-scheduled
20200923142045-liked-workout-composite-id
20200924104950-scheduled-workout-edits
20200924111428-scheduled-workout-edits-2
20200928202009-remove-scheduled-workout-completed-on
20200929120847-difficulty-level-now-integer
20201002123621-move-profile
20201002123840-move-profile-2
20201002144108-gym-profile-available-equipments
20201009174956-update
20201014140202-equipment-load-adjustable
20201014141437-equipment-load-adjustable-correction
20201014155535-gym-profile-bodyweight-only
20201017154707-scheduled-workout-workout-required
20201020130050-workout-program-v1
20201020143741-frequency-period-update
20201020144328-remove-frequency-period-enum
20201020144500-workout-program-models
20201020144522-workout-program-models-2
20201020145006-workout-program-models-3
20201020193947-workout-program-scope
20201020200254-workout-program-workout-goals
20201020203106-workout-program-workout-notes
20201021104707-workout-program-creator-created-by
20201026144611-workout-type-placeholder-image