# Prisma Migrate lockfile v1

20200518154142-reset
20200518170543-optional-challenge-to-scheduled-workout
20200518170619-optional-challenge-to-scheduled-workout
20200519101000-workout-score-model
20200519102507-workout-score-log
20200519103531-workout-move-remove-user
20200520173051-workout-section-model
20200520174402-workout-section-model-2
20200521141111-workout-gender-equality
20200521143354-workout-section-move-sort-position-required
20200522153740-workout-section-is-pyramid
20200526163831-move-available-equipments
20200527112432-create-move-variation
20200527113734-equipment-name-unique
20200527120423-remove-move-variation-equipments
20200601105906-add-workout-timecap
20200601110257-add-workout-timecap-2
20200601110318-add-workout-timecap-3
20200601110430-add-workout-timecap
20200601143539-move-selectable-optional-equipments
20200601143628-move-selectable-optional-equipments-2
20200601144218-standardise-relationship-naming
20200604165742-workout-section-workout-moves-rename
20200604170355-workout-rep-type-enum-update
20200604172948-workout-move-selected-equipment-optional
20200604173720-workout-name-not-unique