# Prisma Migrate lockfile v1

20200903140921-reset
20200903141831-reset-2
20200911163624-liked-workout
20200911163746-liked-workout-2
20200911172620-liked-workout-workout-required
20200916091440-scheduled-workout-and-workout-location
20200916092305-remove-user-gymbox
20200916112611-workout-location-to-gym-profile
20200916134623-gym-profile-to-log-and-scheduled
20200923142045-liked-workout-composite-id
20200924104950-scheduled-workout-edits
20200924111428-scheduled-workout-edits-2
20200928202009-remove-scheduled-workout-completed-on